
Microsoft Visual Studio Solution File, Format Version 12.00
# Visual Studio Version 17
VisualStudioVersion = 17.2.32630.192
MinimumVisualStudioVersion = 10.0.40219.1
Project("{9A19103F-16F7-4668-BE54-9A1E7A4F7556}") = "AM.UI.Console", "AM.UI.Console\AM.UI.Console.csproj", "{24DCC388-DFF4-4A05-A08A-E0E08E89B0A4}"
EndProject
Project("{9A19103F-16F7-4668-BE54-9A1E7A4F7556}") = "AM.ApplicationCore", "AM.ApplicationCore\AM.ApplicationCore.csproj", "{A3E8B159-CE5D-4616-B85F-D193BF40D64B}"
EndProject
Project("{9A19103F-16F7-4668-BE54-9A1E7A4F7556}") = "AM.Infrastructure", "AM.Infrastructure\AM.Infrastructure.csproj", "{38D7B809-EC48-47F7-BFB3-EC576DE35D5C}"
EndProject
Project("{FAE04EC0-301F-11D3-BF4B-00C04F79EFBC}") = "AM.UI.WEB", "AM.UI.WEB\AM.UI.WEB.csproj", "{6BCCB331-34EA-4918-AB80-E5FFBA74B9FC}"
EndProject
Global
	GlobalSection(SolutionConfigurationPlatforms) = preSolution
		Debug|Any CPU = Debug|Any CPU
		Release|Any CPU = Release|Any CPU
	EndGlobalSection
	GlobalSection(ProjectConfigurationPlatforms) = postSolution
		{24DCC388-DFF4-4A05-A08A-E0E08E89B0A4}.Debug|Any CPU.ActiveCfg = Debug|Any CPU
		{24DCC388-DFF4-4A05-A08A-E0E08E89B0A4}.Debug|Any CPU.Build.0 = Debug|Any CPU
		{24DCC388-DFF4-4A05-A08A-E0E08E89B0A4}.Release|Any CPU.ActiveCfg = Release|Any CPU
		{24DCC388-DFF4-4A05-A08A-E0E08E89B0A4}.Release|Any CPU.Build.0 = Release|Any CPU
		{A3E8B159-CE5D-4616-B85F-D193BF40D64B}.Debug|Any CPU.ActiveCfg = Debug|Any CPU
		{A3E8B159-CE5D-4616-B85F-D193BF40D64B}.Debug|Any CPU.Build.0 = Debug|Any CPU
		{A3E8B159-CE5D-4616-B85F-D193BF40D64B}.Release|Any CPU.ActiveCfg = Release|Any CPU
		{A3E8B159-CE5D-4616-B85F-D193BF40D64B}.Release|Any CPU.Build.0 = Release|Any CPU
		{38D7B809-EC48-47F7-BFB3-EC576DE35D5C}.Debug|Any CPU.ActiveCfg = Debug|Any CPU
		{38D7B809-EC48-47F7-BFB3-EC576DE35D5C}.Debug|Any CPU.Build.0 = Debug|Any CPU
		{38D7B809-EC48-47F7-BFB3-EC576DE35D5C}.Release|Any CPU.ActiveCfg = Release|Any CPU
		{38D7B809-EC48-47F7-BFB3-EC576DE35D5C}.Release|Any CPU.Build.0 = Release|Any CPU
		{6BCCB331-34EA-4918-AB80-E5FFBA74B9FC}.Debug|Any CPU.ActiveCfg = Debug|Any CPU
		{6BCCB331-34EA-4918-AB80-E5FFBA74B9FC}.Debug|Any CPU.Build.0 = Debug|Any CPU
		{6BCCB331-34EA-4918-AB80-E5FFBA74B9FC}.Release|Any CPU.ActiveCfg = Release|Any CPU
		{6BCCB331-34EA-4918-AB80-E5FFBA74B9FC}.Release|Any CPU.Build.0 = Release|Any CPU
	EndGlobalSection
	GlobalSection(SolutionProperties) = preSolution
		HideSolutionNode = FALSE
	EndGlobalSection
	GlobalSection(ExtensibilityGlobals) = postSolution
		SolutionGuid = {9DC1CC89-505A-4765-B010-A7B8D7F74173}
	EndGlobalSection
EndGlobal
